
Microsoft Visual Studio Solution File, Format Version 12.00
# Visual Studio Version 16
VisualStudioVersion = 25.0.1705.4
MinimumVisualStudioVersion = 10.0.40219.1
Project("{FAE04EC0-301F-11D3-BF4B-00C04F79EFBC}") = "api_sample", "api_sample\api_sample.csproj", "{B165BA99-27C6-4BD8-839E-6921484CE75C}"
EndProject
Global
	GlobalSection(SolutionConfigurationPlatforms) = preSolution
		Debug|Any CPU = Debug|Any CPU
		Release|Any CPU = Release|Any CPU
	EndGlobalSection
	GlobalSection(ProjectConfigurationPlatforms) = postSolution
		{B165BA99-27C6-4BD8-839E-6921484CE75C}.Debug|Any CPU.ActiveCfg = Debug|Any CPU
		{B165BA99-27C6-4BD8-839E-6921484CE75C}.Debug|Any CPU.Build.0 = Debug|Any CPU
		{B165BA99-27C6-4BD8-839E-6921484CE75C}.Release|Any CPU.ActiveCfg = Release|Any CPU
		{B165BA99-27C6-4BD8-839E-6921484CE75C}.Release|Any CPU.Build.0 = Release|Any CPU
	EndGlobalSection
	GlobalSection(SolutionProperties) = preSolution
		HideSolutionNode = FALSE
	EndGlobalSection
	GlobalSection(ExtensibilityGlobals) = postSolution
		SolutionGuid = {A0F08EEC-43A7-4B63-A51E-F4EF6B7D95DF}
	EndGlobalSection
EndGlobal
